// !$*UTF8*$!
{
	archiveVersion = 1;
	classes = {
	};
	objectVersion = 50;
	objects = {

/* Begin PBXBuildFile section */
		3B3297F825D9897D00C7F223 /* FavoriteButton.swift in Sources */ = {isa = PBXBuildFile; fileRef = 3B3297F725D9897D00C7F223 /* FavoriteButton.swift */; };
		3B48C84825D9369E0010E85B /* LandmarksApp.swift in Sources */ = {isa = PBXBuildFile; fileRef = 3B48C84725D9369E0010E85B /* LandmarksApp.swift */; };
		3B48C84A25D9369E0010E85B /* Home.swift in Sources */ = {isa = PBXBuildFile; fileRef = 3B48C84925D9369E0010E85B /* Home.swift */; };
		3B48C84C25D936A30010E85B /* Assets.xcassets in Resources */ = {isa = PBXBuildFile; fileRef = 3B48C84B25D936A30010E85B /* Assets.xcassets */; };
		3B48C84F25D936A30010E85B /* Preview Assets.xcassets in Resources */ = {isa = PBXBuildFile; fileRef = 3B48C84E25D936A30010E85B /* Preview Assets.xcassets */; };
		3B48C85825D943060010E85B /* CircleImage.swift in Sources */ = {isa = PBXBuildFile; fileRef = 3B48C85725D943060010E85B /* CircleImage.swift */; };
		3B48C85C25D9450A0010E85B /* MapView.swift in Sources */ = {isa = PBXBuildFile; fileRef = 3B48C85B25D9450A0010E85B /* MapView.swift */; };
		3B48C86025D94A530010E85B /* landmarkData.json in Resources */ = {isa = PBXBuildFile; fileRef = 3B48C85F25D94A530010E85B /* landmarkData.json */; };
		3B48C8A225D9551D0010E85B /* Landmark.swift in Sources */ = {isa = PBXBuildFile; fileRef = 3B48C8A125D9551D0010E85B /* Landmark.swift */; };
		3B48C8A525D95EE50010E85B /* ModelData.swift in Sources */ = {isa = PBXBuildFile; fileRef = 3B48C8A425D95EE50010E85B /* ModelData.swift */; };
		3B48C8AE25D9608B0010E85B /* LandmarkRow.swift in Sources */ = {isa = PBXBuildFile; fileRef = 3B48C8AD25D9608B0010E85B /* LandmarkRow.swift */; };
		3B48C8B125D9656D0010E85B /* LandmarkList.swift in Sources */ = {isa = PBXBuildFile; fileRef = 3B48C8B025D9656D0010E85B /* LandmarkList.swift */; };
		3B48C8B425D968F90010E85B /* LandmarkDetail.swift in Sources */ = {isa = PBXBuildFile; fileRef = 3B48C8B325D968F90010E85B /* LandmarkDetail.swift */; };
/* End PBXBuildFile section */

/* Begin PBXFileReference section */
		3B3297F725D9897D00C7F223 /* FavoriteButton.swift */ = {isa = PBXFileReference; lastKnownFileType = sourcecode.swift; path = FavoriteButton.swift; sourceTree = "<group>"; };
		3B48C84425D9369E0010E85B /* Landmarks.app */ = {isa = PBXFileReference; explicitFileType = wrapper.application; includeInIndex = 0; path = Landmarks.app; sourceTree = BUILT_PRODUCTS_DIR; };
		3B48C84725D9369E0010E85B /* LandmarksApp.swift */ = {isa = PBXFileReference; lastKnownFileType = sourcecode.swift; path = LandmarksApp.swift; sourceTree = "<group>"; };
		3B48C84925D9369E0010E85B /* Home.swift */ = {isa = PBXFileReference; lastKnownFileType = sourcecode.swift; path = Home.swift; sourceTree = "<group>"; };
		3B48C84B25D936A30010E85B /* Assets.xcassets */ = {isa = PBXFileReference; lastKnownFileType = folder.assetcatalog; path = Assets.xcassets; sourceTree = "<group>"; };
		3B48C84E25D936A30010E85B /* Preview Assets.xcassets */ = {isa = PBXFileReference; lastKnownFileType = folder.assetcatalog; path = "Preview Assets.xcassets"; sourceTree = "<group>"; };
		3B48C85025D936A30010E85B /* Info.plist */ = {isa = PBXFileReference; lastKnownFileType = text.plist.xml; path = Info.plist; sourceTree = "<group>"; };
		3B48C85725D943060010E85B /* CircleImage.swift */ = {isa = PBXFileReference; lastKnownFileType = sourcecode.swift; path = CircleImage.swift; sourceTree = "<group>"; };
		3B48C85B25D9450A0010E85B /* MapView.swift */ = {isa = PBXFileReference; lastKnownFileType = sourcecode.swift; path = MapView.swift; sourceTree = "<group>"; };
		3B48C85F25D94A530010E85B /* landmarkData.json */ = {isa = PBXFileReference; fileEncoding = 4; lastKnownFileType = text.json; path = landmarkData.json; sourceTree = "<group>"; };
		3B48C8A125D9551D0010E85B /* Landmark.swift */ = {isa = PBXFileReference; lastKnownFileType = sourcecode.swift; path = Landmark.swift; sourceTree = "<group>"; };
		3B48C8A425D95EE50010E85B /* ModelData.swift */ = {isa = PBXFileReference; lastKnownFileType = sourcecode.swift; path = ModelData.swift; sourceTree = "<group>"; };
		3B48C8AD25D9608B0010E85B /* LandmarkRow.swift */ = {isa = PBXFileReference; lastKnownFileType = sourcecode.swift; path = LandmarkRow.swift; sourceTree = "<group>"; };
		3B48C8B025D9656D0010E85B /* LandmarkList.swift */ = {isa = PBXFileReference; lastKnownFileType = sourcecode.swift; path = LandmarkList.swift; sourceTree = "<group>"; };
		3B48C8B325D968F90010E85B /* LandmarkDetail.swift */ = {isa = PBXFileReference; lastKnownFileType = sourcecode.swift; path = LandmarkDetail.swift; sourceTree = "<group>"; };
/* End PBXFileReference section */

/* Begin PBXFrameworksBuildPhase section */
		3B48C84125D9369E0010E85B /* Frameworks */ = {
			isa = PBXFrameworksBuildPhase;
			buildActionMask = 2147483647;
			files = (
			);
			runOnlyForDeploymentPostprocessing = 0;
		};
/* End PBXFrameworksBuildPhase section */

/* Begin PBXGroup section */
		3B3297FC25D98AF000C7F223 /* view */ = {
			isa = PBXGroup;
			children = (
				3B33DD3B26A5396300D846C5 /* Detail */,
				3B33DD3A26A5395B00D846C5 /* Home */,
			);
			path = view;
			sourceTree = "<group>";
		};
		3B33DD3A26A5395B00D846C5 /* Home */ = {
			isa = PBXGroup;
			children = (
				3B48C84925D9369E0010E85B /* Home.swift */,
				3B48C8B025D9656D0010E85B /* LandmarkList.swift */,
				3B48C8AD25D9608B0010E85B /* LandmarkRow.swift */,
			);
			path = Home;
			sourceTree = "<group>";
		};
		3B33DD3B26A5396300D846C5 /* Detail */ = {
			isa = PBXGroup;
			children = (
				3B48C8B325D968F90010E85B /* LandmarkDetail.swift */,
			);
			path = Detail;
			sourceTree = "<group>";
		};
		3B48C83B25D9369E0010E85B = {
			isa = PBXGroup;
			children = (
				3B48C84625D9369E0010E85B /* Landmarks */,
				3B48C84525D9369E0010E85B /* Products */,
			);
			sourceTree = "<group>";
		};
		3B48C84525D9369E0010E85B /* Products */ = {
			isa = PBXGroup;
			children = (
				3B48C84425D9369E0010E85B /* Landmarks.app */,
			);
			name = Products;
			sourceTree = "<group>";
		};
		3B48C84625D9369E0010E85B /* Landmarks */ = {
			isa = PBXGroup;
			children = (
				3B3297FC25D98AF000C7F223 /* view */,
				3B48C8AC25D960270010E85B /* resources */,
				3B48C8AA25D95FED0010E85B /* model */,
				3B48C8A925D95FD50010E85B /* helper */,
				3B48C84725D9369E0010E85B /* LandmarksApp.swift */,
				3B48C85025D936A30010E85B /* Info.plist */,
				3B48C84D25D936A30010E85B /* Preview Content */,
			);
			path = Landmarks;
			sourceTree = "<group>";
		};
		3B48C84D25D936A30010E85B /* Preview Content */ = {
			isa = PBXGroup;
			children = (
				3B48C84E25D936A30010E85B /* Preview Assets.xcassets */,
			);
			path = "Preview Content";
			sourceTree = "<group>";
		};
		3B48C8A925D95FD50010E85B /* helper */ = {
			isa = PBXGroup;
			children = (
				3B3297F725D9897D00C7F223 /* FavoriteButton.swift */,
				3B48C85B25D9450A0010E85B /* MapView.swift */,
				3B48C85725D943060010E85B /* CircleImage.swift */,
			);
			path = helper;
			sourceTree = "<group>";
		};
		3B48C8AA25D95FED0010E85B /* model */ = {
			isa = PBXGroup;
			children = (
				3B48C8A125D9551D0010E85B /* Landmark.swift */,
				3B48C8A425D95EE50010E85B /* ModelData.swift */,
			);
			path = model;
			sourceTree = "<group>";
		};
		3B48C8AC25D960270010E85B /* resources */ = {
			isa = PBXGroup;
			children = (
				3B48C84B25D936A30010E85B /* Assets.xcassets */,
				3B48C85F25D94A530010E85B /* landmarkData.json */,
			);
			path = resources;
			sourceTree = "<group>";
		};
/* End PBXGroup section */

/* Begin PBXNativeTarget section */
		3B48C84325D9369E0010E85B /* Landmarks */ = {
			isa = PBXNativeTarget;
			buildConfigurationList = 3B48C85325D936A30010E85B /* Build configuration list for PBXNativeTarget "Landmarks" */;
			buildPhases = (
				3B48C84025D9369E0010E85B /* Sources */,
				3B48C84125D9369E0010E85B /* Frameworks */,
				3B48C84225D9369E0010E85B /* Resources */,
			);
			buildRules = (
			);
			dependencies = (
			);
			name = Landmarks;
			productName = Landmarks;
			productReference = 3B48C84425D9369E0010E85B /* Landmarks.app */;
			productType = "com.apple.product-type.application";
		};
/* End PBXNativeTarget section */

/* Begin PBXProject section */
		3B48C83C25D9369E0010E85B /* Project object */ = {
			isa = PBXProject;
			attributes = {
				LastSwiftUpdateCheck = 1200;
				LastUpgradeCheck = 1200;
				TargetAttributes = {
					3B48C84325D9369E0010E85B = {
						CreatedOnToolsVersion = 12.0.1;
					};
				};
			};
			buildConfigurationList = 3B48C83F25D9369E0010E85B /* Build configuration list for PBXProject "Landmarks" */;
			compatibilityVersion = "Xcode 9.3";
			developmentRegion = en;
			hasScannedForEncodings = 0;
			knownRegions = (
				en,
				Base,
			);
			mainGroup = 3B48C83B25D9369E0010E85B;
			productRefGroup = 3B48C84525D9369E0010E85B /* Products */;
			projectDirPath = "";
			projectRoot = "";
			targets = (
				3B48C84325D9369E0010E85B /* Landmarks */,
			);
		};
/* End PBXProject section */

/* Begin PBXResourcesBuildPhase section */
		3B48C84225D9369E0010E85B /* Resources */ = {
			isa = PBXResourcesBuildPhase;
			buildActionMask = 2147483647;
			files = (
				3B48C84F25D936A30010E85B /* Preview Assets.xcassets in Resources */,
				3B48C84C25D936A30010E85B /* Assets.xcassets in Resources */,
				3B48C86025D94A530010E85B /* landmarkData.json in Resources */,
			);
			runOnlyForDeploymentPostprocessing = 0;
		};
/* End PBXResourcesBuildPhase section */

/* Begin PBXSourcesBuildPhase section */
		3B48C84025D9369E0010E85B /* Sources */ = {
			isa = PBXSourcesBuildPhase;
			buildActionMask = 2147483647;
			files = (
				3B48C85C25D9450A0010E85B /* MapView.swift in Sources */,
				3B48C8B425D968F90010E85B /* LandmarkDetail.swift in Sources */,
				3B48C84A25D9369E0010E85B /* Home.swift in Sources */,
				3B3297F825D9897D00C7F223 /* FavoriteButton.swift in Sources */,
				3B48C84825D9369E0010E85B /* LandmarksApp.swift in Sources */,
				3B48C8B125D9656D0010E85B /* LandmarkList.swift in Sources */,
				3B48C85825D943060010E85B /* CircleImage.swift in Sources */,
				3B48C8A225D9551D0010E85B /* Landmark.swift in Sources */,
				3B48C8AE25D9608B0010E85B /* LandmarkRow.swift in Sources */,
				3B48C8A525D95EE50010E85B /* ModelData.swift in Sources */,
			);
			runOnlyForDeploymentPostprocessing = 0;
		};
/* End PBXSourcesBuildPhase section */

/* Begin XCBuildConfiguration section */
		3B48C85125D936A30010E85B /* Debug */ = {
			isa = XCBuildConfiguration;
			buildSettings = {
				ALWAYS_SEARCH_USER_PATHS = NO;
				CLANG_ANALYZER_NONNULL = YES;
				CLANG_ANALYZER_NUMBER_OBJECT_CONVERSION = YES_AGGRESSIVE;
				CLANG_CXX_LANGUAGE_STANDARD = "gnu++14";
				CLANG_CXX_LIBRARY = "libc++";
				CLANG_ENABLE_MODULES = YES;
				CLANG_ENABLE_OBJC_ARC = YES;
				CLANG_ENABLE_OBJC_WEAK = YES;
				CLANG_WARN_BLOCK_CAPTURE_AUTORELEASING = YES;
				CLANG_WARN_BOOL_CONVERSION = YES;
				CLANG_WARN_COMMA = YES;
				CLANG_WARN_CONSTANT_CONVERSION = YES;
				CLANG_WARN_DEPRECATED_OBJC_IMPLEMENTATIONS = YES;
				CLANG_WARN_DIRECT_OBJC_ISA_USAGE = YES_ERROR;
				CLANG_WARN_DOCUMENTATION_COMMENTS = YES;
				CLANG_WARN_EMPTY_BODY = YES;
				CLANG_WARN_ENUM_CONVERSION = YES;
				CLANG_WARN_INFINITE_RECURSION = YES;
				CLANG_WARN_INT_CONVERSION = YES;
				CLANG_WARN_NON_LITERAL_NULL_CONVERSION = YES;
				CLANG_WARN_OBJC_IMPLICIT_RETAIN_SELF = YES;
				CLANG_WARN_OBJC_LITERAL_CONVERSION = YES;
				CLANG_WARN_OBJC_ROOT_CLASS = YES_ERROR;
				CLANG_WARN_QUOTED_INCLUDE_IN_FRAMEWORK_HEADER = YES;
				CLANG_WARN_RANGE_LOOP_ANALYSIS = YES;
				CLANG_WARN_STRICT_PROTOTYPES = YES;
				CLANG_WARN_SUSPICIOUS_MOVE = YES;
				CLANG_WARN_UNGUARDED_AVAILABILITY = YES_AGGRESSIVE;
				CLANG_WARN_UNREACHABLE_CODE = YES;
				CLANG_WARN__DUPLICATE_METHOD_MATCH = YES;
				COPY_PHASE_STRIP = NO;
				DEBUG_INFORMATION_FORMAT = dwarf;
				ENABLE_STRICT_OBJC_MSGSEND = YES;
				ENABLE_TESTABILITY = YES;
				GCC_C_LANGUAGE_STANDARD = gnu11;
				GCC_DYNAMIC_NO_PIC = NO;
				GCC_NO_COMMON_BLOCKS = YES;
				GCC_OPTIMIZATION_LEVEL = 0;
				GCC_PREPROCESSOR_DEFINITIONS = (
					"DEBUG=1",
					"$(inherited)",
				);
				GCC_WARN_64_TO_32_BIT_CONVERSION = YES;
				GCC_WARN_ABOUT_RETURN_TYPE = YES_ERROR;
				GCC_WARN_UNDECLARED_SELECTOR = YES;
				GCC_WARN_UNINITIALIZED_AUTOS = YES_AGGRESSIVE;
				GCC_WARN_UNUSED_FUNCTION = YES;
				GCC_WARN_UNUSED_VARIABLE = YES;
				IPHONEOS_DEPLOYMENT_TARGET = 14.0;
				MTL_ENABLE_DEBUG_INFO = INCLUDE_SOURCE;
				MTL_FAST_MATH = YES;
				ONLY_ACTIVE_ARCH = YES;
				SDKROOT = iphoneos;
				SWIFT_ACTIVE_COMPILATION_CONDITIONS = DEBUG;
				SWIFT_OPTIMIZATION_LEVEL = "-Onone";
			};
			name = Debug;
		};
		3B48C85225D936A30010E85B /* Release */ = {
			isa = XCBuildConfiguration;
			buildSettings = {
				ALWAYS_SEARCH_USER_PATHS = NO;
				CLANG_ANALYZER_NONNULL = YES;
				CLANG_ANALYZER_NUMBER_OBJECT_CONVERSION = YES_AGGRESSIVE;
				CLANG_CXX_LANGUAGE_STANDARD = "gnu++14";
				CLANG_CXX_LIBRARY = "libc++";
				CLANG_ENABLE_MODULES = YES;
				CLANG_ENABLE_OBJC_ARC = YES;
				CLANG_ENABLE_OBJC_WEAK = YES;
				CLANG_WARN_BLOCK_CAPTURE_AUTORELEASING = YES;
				CLANG_WARN_BOOL_CONVERSION = YES;
				CLANG_WARN_COMMA = YES;
				CLANG_WARN_CONSTANT_CONVERSION = YES;
				CLANG_WARN_DEPRECATED_OBJC_IMPLEMENTATIONS = YES;
				CLANG_WARN_DIRECT_OBJC_ISA_USAGE = YES_ERROR;
				CLANG_WARN_DOCUMENTATION_COMMENTS = YES;
				CLANG_WARN_EMPTY_BODY = YES;
				CLANG_WARN_ENUM_CONVERSION = YES;
				CLANG_WARN_INFINITE_RECURSION = YES;
				CLANG_WARN_INT_CONVERSION = YES;
				CLANG_WARN_NON_LITERAL_NULL_CONVERSION = YES;
				CLANG_WARN_OBJC_IMPLICIT_RETAIN_SELF = YES;
				CLANG_WARN_OBJC_LITERAL_CONVERSION = YES;
				CLANG_WARN_OBJC_ROOT_CLASS = YES_ERROR;
				CLANG_WARN_QUOTED_INCLUDE_IN_FRAMEWORK_HEADER = YES;
				CLANG_WARN_RANGE_LOOP_ANALYSIS = YES;
				CLANG_WARN_STRICT_PROTOTYPES = YES;
				CLANG_WARN_SUSPICIOUS_MOVE = YES;
				CLANG_WARN_UNGUARDED_AVAILABILITY = YES_AGGRESSIVE;
				CLANG_WARN_UNREACHABLE_CODE = YES;
				CLANG_WARN__DUPLICATE_METHOD_MATCH = YES;
				COPY_PHASE_STRIP = NO;
				DEBUG_INFORMATION_FORMAT = "dwarf-with-dsym";
				ENABLE_NS_ASSERTIONS = NO;
				ENABLE_STRICT_OBJC_MSGSEND = YES;
				GCC_C_LANGUAGE_STANDARD = gnu11;
				GCC_NO_COMMON_BLOCKS = YES;
				GCC_WARN_64_TO_32_BIT_CONVERSION = YES;
				GCC_WARN_ABOUT_RETURN_TYPE = YES_ERROR;
				GCC_WARN_UNDECLARED_SELECTOR = YES;
				GCC_WARN_UNINITIALIZED_AUTOS = YES_AGGRESSIVE;
				GCC_WARN_UNUSED_FUNCTION = YES;
				GCC_WARN_UNUSED_VARIABLE = YES;
				IPHONEOS_DEPLOYMENT_TARGET = 14.0;
				MTL_ENABLE_DEBUG_INFO = NO;
				MTL_FAST_MATH = YES;
				SDKROOT = iphoneos;
				SWIFT_COMPILATION_MODE = wholemodule;
				SWIFT_OPTIMIZATION_LEVEL = "-O";
				VALIDATE_PRODUCT = YES;
			};
			name = Release;
		};
		3B48C85425D936A30010E85B /* Debug */ = {
			isa = XCBuildConfiguration;
			buildSettings = {
				ASSETCATALOG_COMPILER_APPICON_NAME = AppIcon;
				ASSETCATALOG_COMPILER_GLOBAL_ACCENT_COLOR_NAME = AccentColor;
				CODE_SIGN_STYLE = Automatic;
				DEVELOPMENT_ASSET_PATHS = "\"Landmarks/Preview Content\"";
				DEVELOPMENT_TEAM = 6TPB9VRN3X;
				ENABLE_PREVIEWS = YES;
				INFOPLIST_FILE = Landmarks/Info.plist;
				IPHONEOS_DEPLOYMENT_TARGET = 14.0;
				LD_RUNPATH_SEARCH_PATHS = (
					"$(inherited)",
					"@executable_path/Frameworks",
				);
				PRODUCT_BUNDLE_IDENTIFIER = com.coral.Landmarks;
				PRODUCT_NAME = "$(TARGET_NAME)";
				SWIFT_VERSION = 5.0;
				TARGETED_DEVICE_FAMILY = "1,2";
			};
			name = Debug;
		};
		3B48C85525D936A30010E85B /* Release */ = {
			isa = XCBuildConfiguration;
			buildSettings = {
				ASSETCATALOG_COMPILER_APPICON_NAME = AppIcon;
				ASSETCATALOG_COMPILER_GLOBAL_ACCENT_COLOR_NAME = AccentColor;
				CODE_SIGN_STYLE = Automatic;
				DEVELOPMENT_ASSET_PATHS = "\"Landmarks/Preview Content\"";
				DEVELOPMENT_TEAM = 6TPB9VRN3X;
				ENABLE_PREVIEWS = YES;
				INFOPLIST_FILE = Landmarks/Info.plist;
				IPHONEOS_DEPLOYMENT_TARGET = 14.0;
				LD_RUNPATH_SEARCH_PATHS = (
					"$(inherited)",
					"@executable_path/Frameworks",
				);
				PRODUCT_BUNDLE_IDENTIFIER = com.coral.Landmarks;
				PRODUCT_NAME = "$(TARGET_NAME)";
				SWIFT_VERSION = 5.0;
				TARGETED_DEVICE_FAMILY = "1,2";
			};
			name = Release;
		};
/* End XCBuildConfiguration section */

/* Begin XCConfigurationList section */
		3B48C83F25D9369E0010E85B /* Build configuration list for PBXProject "Landmarks" */ = {
			isa = XCConfigurationList;
			buildConfigurations = (
				3B48C85125D936A30010E85B /* Debug */,
				3B48C85225D936A30010E85B /* Release */,
			);
			defaultConfigurationIsVisible = 0;
			defaultConfigurationName = Release;
		};
		3B48C85325D936A30010E85B /* Build configuration list for PBXNativeTarget "Landmarks" */ = {
			isa = XCConfigurationList;
			buildConfigurations = (
				3B48C85425D936A30010E85B /* Debug */,
				3B48C85525D936A30010E85B /* Release */,
			);
			defaultConfigurationIsVisible = 0;
			defaultConfigurationName = Release;
		};
/* End XCConfigurationList section */
	};
	rootObject = 3B48C83C25D9369E0010E85B /* Project object */;
}
